{
  "name": "terra-date-input",
  "version": "1.35.0",
  "lockfileVersion": 1,
  "requires": true,
  "dependencies": {
    "terra-form-checkbox": {
      "version": "4.18.0",
      "resolved": "https://registry.npmjs.org/terra-form-checkbox/-/terra-form-checkbox-4.18.0.tgz",
      "integrity": "sha512-/vs15WedEdt+ou2fO27BufCUQQE6x1AfXkxqExMJCpubMldcNU657fVOKkwWqr+nSxJOAm9TVAurkNPrKA5xlA==",
      "dev": true,
      "requires": {
        "classnames": "^2.2.5",
        "lodash.uniqueid": "^4.0.1",
        "prop-types": "^15.5.8",
        "terra-mixins": "^1.40.0",
        "terra-theme-context": "^1.0.0",
        "terra-visually-hidden-text": "^2.36.0"
      },
      "dependencies": {
        "classnames": {
          "version": "2.3.2",
          "resolved": "https://registry.npmjs.org/classnames/-/classnames-2.3.2.tgz",
          "integrity": "sha512-CSbhY4cFEJRe6/GQzIk5qXZ4Jeg5pcsP7b5peFSDpffpe1cqjASH/n9UTjBwOp6XpMSTwQ8Za2K5V02ueA7Tmw==",
          "dev": true
        },
        "js-tokens": {
          "version": "4.0.0",
          "resolved": "https://registry.npmjs.org/js-tokens/-/js-tokens-4.0.0.tgz",
          "integrity": "sha512-RdJUflcE3cUzKiMqQgsCu06FPu9UdIJO0beYbPhHN4k6apgJtifcoCtT9bcxOpYBtpD2kCM6Sbzg4CausW/PKQ==",
          "dev": true
        },
        "lodash.uniqueid": {
          "version": "4.0.1",
          "resolved": "https://registry.npmjs.org/lodash.uniqueid/-/lodash.uniqueid-4.0.1.tgz",
          "integrity": "sha512-GQQWaIeGlL6DIIr06kj1j6sSmBxyNMwI8kaX9aKpHR/XsMTiaXDVPNPAkiboOTK9OJpTJF/dXT3xYoFQnj386Q==",
          "dev": true
        },
        "loose-envify": {
          "version": "1.4.0",
          "resolved": "https://registry.npmjs.org/loose-envify/-/loose-envify-1.4.0.tgz",
          "integrity": "sha512-lyuxPGr/Wfhrlem2CL/UcnUc1zcqKAImBDzukY7Y5F/yQiNdko6+fRLevlw1HgMySw7f611UIY408EtxRSoK3Q==",
          "dev": true,
          "requires": {
            "js-tokens": "^3.0.0 || ^4.0.0"
          }
        },
        "object-assign": {
          "version": "4.1.1",
          "resolved": "https://registry.npmjs.org/object-assign/-/object-assign-4.1.1.tgz",
          "integrity": "sha512-rJgTQnkUnH1sFw8yT6VSU3zD3sWmu6sZhIseY8VX+GRu3P6F7Fu+JNDoXfklElbLJSnc3FUQHVe4cU5hj+BcUg==",
          "dev": true
        },
        "prop-types": {
          "version": "15.8.1",
          "resolved": "https://registry.npmjs.org/prop-types/-/prop-types-15.8.1.tgz",
          "integrity": "sha512-oj87CgZICdulUohogVAR7AjlC0327U4el4L6eAvOqCeudMDVU0NThNaV+b9Df4dXgSP1gXMTnPdhfe/2qDH5cg==",
          "dev": true,
          "requires": {
            "loose-envify": "^1.4.0",
            "object-assign": "^4.1.1",
            "react-is": "^16.13.1"
          }
        },
        "react-is": {
          "version": "16.13.1",
          "resolved": "https://registry.npmjs.org/react-is/-/react-is-16.13.1.tgz",
          "integrity": "sha512-24e6ynE2H+OKt4kqsOvNd8kBpV65zoxbA4BVsEOB3ARVWQki/DHzaUoC5KuON/BiccDaCCTZBuOcfZs70kR8bQ==",
          "dev": true
        },
        "terra-mixins": {
          "version": "1.40.0",
          "resolved": "https://registry.npmjs.org/terra-mixins/-/terra-mixins-1.40.0.tgz",
          "integrity": "sha512-Zmow3geJ/Pp2Q3irPd/D34KNWGIH4at2pkckUGI75mIoLiC8locWfzyZFiM3BFw28T4HytlKwbOjbLYz5LuQSA==",
          "dev": true
        },
        "terra-theme-context": {
          "version": "1.8.0",
          "resolved": "https://registry.npmjs.org/terra-theme-context/-/terra-theme-context-1.8.0.tgz",
          "integrity": "sha512-xxcWEQkHOPjoEaD7FuDL++d7ZK5Hn+j4qTvfmq1tg0xRUgPGZ3V9+TpvhxaCuVxmD0QZbxCvi4QHqmYP5dUUqQ==",
          "dev": true,
          "requires": {
            "classnames": "^2.2.5",
            "prop-types": "^15.5.8"
          }
        },
        "terra-visually-hidden-text": {
          "version": "2.36.0",
          "resolved": "https://registry.npmjs.org/terra-visually-hidden-text/-/terra-visually-hidden-text-2.36.0.tgz",
          "integrity": "sha512-WPQreJ5Qzie+cS8WgAryBHgwIWsfIvjQOtJ/AN6k0qqh2xjnbjiSlFiCCVqmxu6CZAdC7XUKVlh+PI3U94sKiQ==",
          "dev": true,
          "requires": {
            "classnames": "^2.2.5",
            "prop-types": "^15.5.8"
          }
        }
      }
    },
    "terra-form-radio": {
      "version": "4.34.0",
      "resolved": "https://registry.npmjs.org/terra-form-radio/-/terra-form-radio-4.34.0.tgz",
      "integrity": "sha512-Zh0r48tjNXnBep01//l1Zuv1vzPMypYkUSyLvLAB9AuDnH4J0XJXddhAusEph3lTxZPLPZitHQRoO5cfLNDwoQ==",
      "dev": true,
      "requires": {
        "classnames": "^2.2.5",
        "lodash.uniqueid": "^4.0.1",
        "prop-types": "^15.5.8",
        "terra-button": "^3.65.0",
        "terra-mixins": "^1.40.0",
        "terra-theme-context": "^1.0.0",
        "terra-visually-hidden-text": "^2.36.0"
      },
      "dependencies": {
        "classnames": {
          "version": "2.3.2",
          "resolved": "https://registry.npmjs.org/classnames/-/classnames-2.3.2.tgz",
          "integrity": "sha512-CSbhY4cFEJRe6/GQzIk5qXZ4Jeg5pcsP7b5peFSDpffpe1cqjASH/n9UTjBwOp6XpMSTwQ8Za2K5V02ueA7Tmw==",
          "dev": true
        },
        "js-tokens": {
          "version": "4.0.0",
          "resolved": "https://registry.npmjs.org/js-tokens/-/js-tokens-4.0.0.tgz",
          "integrity": "sha512-RdJUflcE3cUzKiMqQgsCu06FPu9UdIJO0beYbPhHN4k6apgJtifcoCtT9bcxOpYBtpD2kCM6Sbzg4CausW/PKQ==",
          "dev": true
        },
        "keycode-js": {
          "version": "3.1.0",
          "resolved": "https://registry.npmjs.org/keycode-js/-/keycode-js-3.1.0.tgz",
          "integrity": "sha512-aAa8PVW7kBDyG14ifGOseaVBjsT1LI953060yRSzzf3G0beKKEuwHVvFGcCI+AofY68NUkPxbLqrkfWPjXySCw==",
          "dev": true
        },
        "lodash.uniqueid": {
          "version": "4.0.1",
          "resolved": "https://registry.npmjs.org/lodash.uniqueid/-/lodash.uniqueid-4.0.1.tgz",
          "integrity": "sha512-GQQWaIeGlL6DIIr06kj1j6sSmBxyNMwI8kaX9aKpHR/XsMTiaXDVPNPAkiboOTK9OJpTJF/dXT3xYoFQnj386Q==",
          "dev": true
        },
        "loose-envify": {
          "version": "1.4.0",
          "resolved": "https://registry.npmjs.org/loose-envify/-/loose-envify-1.4.0.tgz",
          "integrity": "sha512-lyuxPGr/Wfhrlem2CL/UcnUc1zcqKAImBDzukY7Y5F/yQiNdko6+fRLevlw1HgMySw7f611UIY408EtxRSoK3Q==",
          "dev": true,
          "requires": {
            "js-tokens": "^3.0.0 || ^4.0.0"
          }
        },
        "object-assign": {
          "version": "4.1.1",
          "resolved": "https://registry.npmjs.org/object-assign/-/object-assign-4.1.1.tgz",
          "integrity": "sha512-rJgTQnkUnH1sFw8yT6VSU3zD3sWmu6sZhIseY8VX+GRu3P6F7Fu+JNDoXfklElbLJSnc3FUQHVe4cU5hj+BcUg==",
          "dev": true
        },
        "prop-types": {
          "version": "15.8.1",
          "resolved": "https://registry.npmjs.org/prop-types/-/prop-types-15.8.1.tgz",
          "integrity": "sha512-oj87CgZICdulUohogVAR7AjlC0327U4el4L6eAvOqCeudMDVU0NThNaV+b9Df4dXgSP1gXMTnPdhfe/2qDH5cg==",
          "dev": true,
          "requires": {
            "loose-envify": "^1.4.0",
            "object-assign": "^4.1.1",
            "react-is": "^16.13.1"
          }
        },
        "react-is": {
          "version": "16.13.1",
          "resolved": "https://registry.npmjs.org/react-is/-/react-is-16.13.1.tgz",
          "integrity": "sha512-24e6ynE2H+OKt4kqsOvNd8kBpV65zoxbA4BVsEOB3ARVWQki/DHzaUoC5KuON/BiccDaCCTZBuOcfZs70kR8bQ==",
          "dev": true
        },
        "terra-button": {
          "version": "3.65.0",
          "resolved": "https://registry.npmjs.org/terra-button/-/terra-button-3.65.0.tgz",
          "integrity": "sha512-zjXD9M0me9Hntx9XaA+HL1gC96QH+p5M9aQtYPvcR+dPwVS4adlVh6q8YmG99LJ0ODOPnZL3Zg0GiipYwYqDWw==",
          "dev": true,
          "requires": {
            "classnames": "^2.2.5",
            "keycode-js": "^3.1.0",
            "prop-types": "^15.5.8",
            "terra-theme-context": "^1.0.0"
          }
        },
        "terra-mixins": {
          "version": "1.40.0",
          "resolved": "https://registry.npmjs.org/terra-mixins/-/terra-mixins-1.40.0.tgz",
          "integrity": "sha512-Zmow3geJ/Pp2Q3irPd/D34KNWGIH4at2pkckUGI75mIoLiC8locWfzyZFiM3BFw28T4HytlKwbOjbLYz5LuQSA==",
          "dev": true
        },
        "terra-theme-context": {
          "version": "1.8.0",
          "resolved": "https://registry.npmjs.org/terra-theme-context/-/terra-theme-context-1.8.0.tgz",
          "integrity": "sha512-xxcWEQkHOPjoEaD7FuDL++d7ZK5Hn+j4qTvfmq1tg0xRUgPGZ3V9+TpvhxaCuVxmD0QZbxCvi4QHqmYP5dUUqQ==",
          "dev": true,
          "requires": {
            "classnames": "^2.2.5",
            "prop-types": "^15.5.8"
          }
        },
        "terra-visually-hidden-text": {
          "version": "2.36.0",
          "resolved": "https://registry.npmjs.org/terra-visually-hidden-text/-/terra-visually-hidden-text-2.36.0.tgz",
          "integrity": "sha512-WPQreJ5Qzie+cS8WgAryBHgwIWsfIvjQOtJ/AN6k0qqh2xjnbjiSlFiCCVqmxu6CZAdC7XUKVlh+PI3U94sKiQ==",
          "dev": true,
          "requires": {
            "classnames": "^2.2.5",
            "prop-types": "^15.5.8"
          }
        }
      }
    }
  }
}
